
Microsoft Visual Studio Solution File, Format Version 12.00
# Visual Studio Version 16
VisualStudioVersion = 16.0.31424.327
MinimumVisualStudioVersion = 10.0.40219.1
Project("{FAE04EC0-301F-11D3-BF4B-00C04F79EFBC}") = "pro_studentsnru 117 135", "pro_studentsnru 117 135\pro_studentsnru 117 135.csproj", "{A349450B-7720-435D-87D2-C95ACD3C833D}"
EndProject
Global
	GlobalSection(SolutionConfigurationPlatforms) = preSolution
		Debug|Any CPU = Debug|Any CPU
		Release|Any CPU = Release|Any CPU
	EndGlobalSection
	GlobalSection(ProjectConfigurationPlatforms) = postSolution
		{A349450B-7720-435D-87D2-C95ACD3C833D}.Debug|Any CPU.ActiveCfg = Debug|Any CPU
		{A349450B-7720-435D-87D2-C95ACD3C833D}.Debug|Any CPU.Build.0 = Debug|Any CPU
		{A349450B-7720-435D-87D2-C95ACD3C833D}.Release|Any CPU.ActiveCfg = Release|Any CPU
		{A349450B-7720-435D-87D2-C95ACD3C833D}.Release|Any CPU.Build.0 = Release|Any CPU
	EndGlobalSection
	GlobalSection(SolutionProperties) = preSolution
		HideSolutionNode = FALSE
	EndGlobalSection
	GlobalSection(ExtensibilityGlobals) = postSolution
		SolutionGuid = {B5AF0A86-5880-4931-A13D-58FAC4C60D4C}
	EndGlobalSection
EndGlobal
